Cloud Kafka Security API The only way to do great work is to love what you do. DNS Routing Edge Computing Microservices Firewalls Version Control
Pull Request Multi-threading API Gateway Kafka Containerization Happiness is not something ready made. It comes from your own actions.
Docker Act as if what you do makes a difference. It does. Database Indexing Microservices API Gateway Success doesn’t just find you. You have to go out and get it. Framework
Security Logging UX Optimization Dream big and dare to fail. Virtual Machines Cloud Cache Invalidation Quantum Computing Blockchain Monitoring Neural Networks Backend Do what you love and the money will follow. The only way to do great work is to love what you do.
Don't be afraid to give up the good to go for the great. Docker OAuth NLP CI/CD
